
Microsoft Visual Studio Solution File, Format Version 12.00
# Visual Studio Version 17
VisualStudioVersion = 17.7.34221.43
MinimumVisualStudioVersion = 10.0.40219.1
Project("{FAE04EC0-301F-11D3-BF4B-00C04F79EFBC}") = "DatabasteknikG", "DatabasteknikG\DatabasteknikG.csproj", "{46E5E9CD-C371-4BA0-AAD1-894701FA6F30}"
EndProject
Global
	GlobalSection(SolutionConfigurationPlatforms) = preSolution
		Debug|Any CPU = Debug|Any CPU
		Release|Any CPU = Release|Any CPU
	EndGlobalSection
	GlobalSection(ProjectConfigurationPlatforms) = postSolution
		{46E5E9CD-C371-4BA0-AAD1-894701FA6F30}.Debug|Any CPU.ActiveCfg = Debug|Any CPU
		{46E5E9CD-C371-4BA0-AAD1-894701FA6F30}.Debug|Any CPU.Build.0 = Debug|Any CPU
		{46E5E9CD-C371-4BA0-AAD1-894701FA6F30}.Release|Any CPU.ActiveCfg = Release|Any CPU
		{46E5E9CD-C371-4BA0-AAD1-894701FA6F30}.Release|Any CPU.Build.0 = Release|Any CPU
	EndGlobalSection
	GlobalSection(SolutionProperties) = preSolution
		HideSolutionNode = FALSE
	EndGlobalSection
	GlobalSection(ExtensibilityGlobals) = postSolution
		SolutionGuid = {01A60544-1693-488A-8B3F-078554A29588}
	EndGlobalSection
EndGlobal
